// !$*UTF8*$!
{
	archiveVersion = 1;
	classes = {
	};
	objectVersion = 50;
	objects = {

/* Begin PBXBuildFile section */
		5EB5AC9624DA3808007DD19B /* AppDelegate.swift in Sources */ = {isa = PBXBuildFile; fileRef = 5EB5AC9524DA3808007DD19B /* AppDelegate.swift */; };
		5EB5AC9824DA3808007DD19B /* ContentView.swift in Sources */ = {isa = PBXBuildFile; fileRef = 5EB5AC9724DA3808007DD19B /* ContentView.swift */; };
		5EB5AC9A24DA3809007DD19B /* Assets.xcassets in Resources */ = {isa = PBXBuildFile; fileRef = 5EB5AC9924DA3809007DD19B /* Assets.xcassets */; };
		5EB5AC9D24DA3809007DD19B /* Preview Assets.xcassets in Resources */ = {isa = PBXBuildFile; fileRef = 5EB5AC9C24DA3809007DD19B /* Preview Assets.xcassets */; };
		5EB5ACA024DA3809007DD19B /* Main.storyboard in Resources */ = {isa = PBXBuildFile; fileRef = 5EB5AC9E24DA3809007DD19B /* Main.storyboard */; };
/* End PBXBuildFile section */

/* Begin PBXFileReference section */
		5EB5AC9224DA3808007DD19B /* StatusMenuSample.app */ = {isa = PBXFileReference; explicitFileType = wrapper.application; includeInIndex = 0; path = StatusMenuSample.app; sourceTree = BUILT_PRODUCTS_DIR; };
		5EB5AC9524DA3808007DD19B /* AppDelegate.swift */ = {isa = PBXFileReference; lastKnownFileType = sourcecode.swift; path = AppDelegate.swift; sourceTree = "<group>"; };
		5EB5AC9724DA3808007DD19B /* ContentView.swift */ = {isa = PBXFileReference; lastKnownFileType = sourcecode.swift; path = ContentView.swift; sourceTree = "<group>"; };
		5EB5AC9924DA3809007DD19B /* Assets.xcassets */ = {isa = PBXFileReference; lastKnownFileType = folder.assetcatalog; path = Assets.xcassets; sourceTree = "<group>"; };
		5EB5AC9C24DA3809007DD19B /* Preview Assets.xcassets */ = {isa = PBXFileReference; lastKnownFileType = folder.assetcatalog; path = "Preview Assets.xcassets"; sourceTree = "<group>"; };
		5EB5AC9F24DA3809007DD19B /* Base */ = {isa = PBXFileReference; lastKnownFileType = file.storyboard; name = Base; path = Base.lproj/Main.storyboard; sourceTree = "<group>"; };
		5EB5ACA124DA3809007DD19B /* Info.plist */ = {isa = PBXFileReference; lastKnownFileType = text.plist.xml; path = Info.plist; sourceTree = "<group>"; };
		5EB5ACA224DA3809007DD19B /* StatusMenuSample.entitlements */ = {isa = PBXFileReference; lastKnownFileType = text.plist.entitlements; path = StatusMenuSample.entitlements; sourceTree = "<group>"; };
		5EB5ACA824DA3A07007DD19B /* README.md */ = {isa = PBXFileReference; lastKnownFileType = net.daringfireball.markdown; path = README.md; sourceTree = "<group>"; };
/* End PBXFileReference section */

/* Begin PBXFrameworksBuildPhase section */
		5EB5AC8F24DA3808007DD19B /* Frameworks */ = {
			isa = PBXFrameworksBuildPhase;
			buildActionMask = 2147483647;
			files = (
			);
			runOnlyForDeploymentPostprocessing = 0;
		};
/* End PBXFrameworksBuildPhase section */

/* Begin PBXGroup section */
		5EB5AC8924DA3808007DD19B = {
			isa = PBXGroup;
			children = (
				5EB5ACA824DA3A07007DD19B /* README.md */,
				5EB5AC9424DA3808007DD19B /* StatusMenuSample */,
				5EB5AC9324DA3808007DD19B /* Products */,
			);
			sourceTree = "<group>";
		};
		5EB5AC9324DA3808007DD19B /* Products */ = {
			isa = PBXGroup;
			children = (
				5EB5AC9224DA3808007DD19B /* StatusMenuSample.app */,
			);
			name = Products;
			sourceTree = "<group>";
		};
		5EB5AC9424DA3808007DD19B /* StatusMenuSample */ = {
			isa = PBXGroup;
			children = (
				5EB5AC9524DA3808007DD19B /* AppDelegate.swift */,
				5EB5AC9724DA3808007DD19B /* ContentView.swift */,
				5EB5AC9924DA3809007DD19B /* Assets.xcassets */,
				5EB5AC9E24DA3809007DD19B /* Main.storyboard */,
				5EB5ACA124DA3809007DD19B /* Info.plist */,
				5EB5ACA224DA3809007DD19B /* StatusMenuSample.entitlements */,
				5EB5AC9B24DA3809007DD19B /* Preview Content */,
			);
			path = StatusMenuSample;
			sourceTree = "<group>";
		};
		5EB5AC9B24DA3809007DD19B /* Preview Content */ = {
			isa = PBXGroup;
			children = (
				5EB5AC9C24DA3809007DD19B /* Preview Assets.xcassets */,
			);
			path = "Preview Content";
			sourceTree = "<group>";
		};
/* End PBXGroup section */

/* Begin PBXNativeTarget section */
		5EB5AC9124DA3808007DD19B /* StatusMenuSample */ = {
			isa = PBXNativeTarget;
			buildConfigurationList = 5EB5ACA524DA3809007DD19B /* Build configuration list for PBXNativeTarget "StatusMenuSample" */;
			buildPhases = (
				5EB5AC8E24DA3808007DD19B /* Sources */,
				5EB5AC8F24DA3808007DD19B /* Frameworks */,
				5EB5AC9024DA3808007DD19B /* Resources */,
			);
			buildRules = (
			);
			dependencies = (
			);
			name = StatusMenuSample;
			productName = StatusMenuSample;
			productReference = 5EB5AC9224DA3808007DD19B /* StatusMenuSample.app */;
			productType = "com.apple.product-type.application";
		};
/* End PBXNativeTarget section */

/* Begin PBXProject section */
		5EB5AC8A24DA3808007DD19B /* Project object */ = {
			isa = PBXProject;
			attributes = {
				LastSwiftUpdateCheck = 1160;
				LastUpgradeCheck = 1160;
				ORGANIZATIONNAME = "Koichiro Eto";
				TargetAttributes = {
					5EB5AC9124DA3808007DD19B = {
						CreatedOnToolsVersion = 11.6;
					};
				};
			};
			buildConfigurationList = 5EB5AC8D24DA3808007DD19B /* Build configuration list for PBXProject "StatusMenuSample" */;
			compatibilityVersion = "Xcode 9.3";
			developmentRegion = en;
			hasScannedForEncodings = 0;
			knownRegions = (
				en,
				Base,
			);
			mainGroup = 5EB5AC8924DA3808007DD19B;
			productRefGroup = 5EB5AC9324DA3808007DD19B /* Products */;
			projectDirPath = "";
			projectRoot = "";
			targets = (
				5EB5AC9124DA3808007DD19B /* StatusMenuSample */,
			);
		};
/* End PBXProject section */

/* Begin PBXResourcesBuildPhase section */
		5EB5AC9024DA3808007DD19B /* Resources */ = {
			isa = PBXResourcesBuildPhase;
			buildActionMask = 2147483647;
			files = (
				5EB5ACA024DA3809007DD19B /* Main.storyboard in Resources */,
				5EB5AC9D24DA3809007DD19B /* Preview Assets.xcassets in Resources */,
				5EB5AC9A24DA3809007DD19B /* Assets.xcassets in Resources */,
			);
			runOnlyForDeploymentPostprocessing = 0;
		};
/* End PBXResourcesBuildPhase section */

/* Begin PBXSourcesBuildPhase section */
		5EB5AC8E24DA3808007DD19B /* Sources */ = {
			isa = PBXSourcesBuildPhase;
			buildActionMask = 2147483647;
			files = (
				5EB5AC9824DA3808007DD19B /* ContentView.swift in Sources */,
				5EB5AC9624DA3808007DD19B /* AppDelegate.swift in Sources */,
			);
			runOnlyForDeploymentPostprocessing = 0;
		};
/* End PBXSourcesBuildPhase section */

/* Begin PBXVariantGroup section */
		5EB5AC9E24DA3809007DD19B /* Main.storyboard */ = {
			isa = PBXVariantGroup;
			children = (
				5EB5AC9F24DA3809007DD19B /* Base */,
			);
			name = Main.storyboard;
			sourceTree = "<group>";
		};
/* End PBXVariantGroup section */

/* Begin XCBuildConfiguration section */
		5EB5ACA324DA3809007DD19B /* Debug */ = {
			isa = XCBuildConfiguration;
			buildSettings = {
				ALWAYS_SEARCH_USER_PATHS = NO;
				CLANG_ANALYZER_NONNULL = YES;
				CLANG_ANALYZER_NUMBER_OBJECT_CONVERSION = YES_AGGRESSIVE;
				CLANG_CXX_LANGUAGE_STANDARD = "gnu++14";
				CLANG_CXX_LIBRARY = "libc++";
				CLANG_ENABLE_MODULES = YES;
				CLANG_ENABLE_OBJC_ARC = YES;
				CLANG_ENABLE_OBJC_WEAK = YES;
				CLANG_WARN_BLOCK_CAPTURE_AUTORELEASING = YES;
				CLANG_WARN_BOOL_CONVERSION = YES;
				CLANG_WARN_COMMA = YES;
				CLANG_WARN_CONSTANT_CONVERSION = YES;
				CLANG_WARN_DEPRECATED_OBJC_IMPLEMENTATIONS = YES;
				CLANG_WARN_DIRECT_OBJC_ISA_USAGE = YES_ERROR;
				CLANG_WARN_DOCUMENTATION_COMMENTS = YES;
				CLANG_WARN_EMPTY_BODY = YES;
				CLANG_WARN_ENUM_CONVERSION = YES;
				CLANG_WARN_INFINITE_RECURSION = YES;
				CLANG_WARN_INT_CONVERSION = YES;
				CLANG_WARN_NON_LITERAL_NULL_CONVERSION = YES;
				CLANG_WARN_OBJC_IMPLICIT_RETAIN_SELF = YES;
				CLANG_WARN_OBJC_LITERAL_CONVERSION = YES;
				CLANG_WARN_OBJC_ROOT_CLASS = YES_ERROR;
				CLANG_WARN_RANGE_LOOP_ANALYSIS = YES;
				CLANG_WARN_STRICT_PROTOTYPES = YES;
				CLANG_WARN_SUSPICIOUS_MOVE = YES;
				CLANG_WARN_UNGUARDED_AVAILABILITY = YES_AGGRESSIVE;
				CLANG_WARN_UNREACHABLE_CODE = YES;
				CLANG_WARN__DUPLICATE_METHOD_MATCH = YES;
				COPY_PHASE_STRIP = NO;
				DEBUG_INFORMATION_FORMAT = dwarf;
				ENABLE_STRICT_OBJC_MSGSEND = YES;
				ENABLE_TESTABILITY = YES;
				GCC_C_LANGUAGE_STANDARD = gnu11;
				GCC_DYNAMIC_NO_PIC = NO;
				GCC_NO_COMMON_BLOCKS = YES;
				GCC_OPTIMIZATION_LEVEL = 0;
				GCC_PREPROCESSOR_DEFINITIONS = (
					"DEBUG=1",
					"$(inherited)",
				);
				GCC_WARN_64_TO_32_BIT_CONVERSION = YES;
				GCC_WARN_ABOUT_RETURN_TYPE = YES_ERROR;
				GCC_WARN_UNDECLARED_SELECTOR = YES;
				GCC_WARN_UNINITIALIZED_AUTOS = YES_AGGRESSIVE;
				GCC_WARN_UNUSED_FUNCTION = YES;
				GCC_WARN_UNUSED_VARIABLE = YES;
				MACOSX_DEPLOYMENT_TARGET = 10.15;
				MTL_ENABLE_DEBUG_INFO = INCLUDE_SOURCE;
				MTL_FAST_MATH = YES;
				ONLY_ACTIVE_ARCH = YES;
				SDKROOT = macosx;
				SWIFT_ACTIVE_COMPILATION_CONDITIONS = DEBUG;
				SWIFT_OPTIMIZATION_LEVEL = "-Onone";
			};
			name = Debug;
		};
		5EB5ACA424DA3809007DD19B /* Release */ = {
			isa = XCBuildConfiguration;
			buildSettings = {
				ALWAYS_SEARCH_USER_PATHS = NO;
				CLANG_ANALYZER_NONNULL = YES;
				CLANG_ANALYZER_NUMBER_OBJECT_CONVERSION = YES_AGGRESSIVE;
				CLANG_CXX_LANGUAGE_STANDARD = "gnu++14";
				CLANG_CXX_LIBRARY = "libc++";
				CLANG_ENABLE_MODULES = YES;
				CLANG_ENABLE_OBJC_ARC = YES;
				CLANG_ENABLE_OBJC_WEAK = YES;
				CLANG_WARN_BLOCK_CAPTURE_AUTORELEASING = YES;
				CLANG_WARN_BOOL_CONVERSION = YES;
				CLANG_WARN_COMMA = YES;
				CLANG_WARN_CONSTANT_CONVERSION = YES;
				CLANG_WARN_DEPRECATED_OBJC_IMPLEMENTATIONS = YES;
				CLANG_WARN_DIRECT_OBJC_ISA_USAGE = YES_ERROR;
				CLANG_WARN_DOCUMENTATION_COMMENTS = YES;
				CLANG_WARN_EMPTY_BODY = YES;
				CLANG_WARN_ENUM_CONVERSION = YES;
				CLANG_WARN_INFINITE_RECURSION = YES;
				CLANG_WARN_INT_CONVERSION = YES;
				CLANG_WARN_NON_LITERAL_NULL_CONVERSION = YES;
				CLANG_WARN_OBJC_IMPLICIT_RETAIN_SELF = YES;
				CLANG_WARN_OBJC_LITERAL_CONVERSION = YES;
				CLANG_WARN_OBJC_ROOT_CLASS = YES_ERROR;
				CLANG_WARN_RANGE_LOOP_ANALYSIS = YES;
				CLANG_WARN_STRICT_PROTOTYPES = YES;
				CLANG_WARN_SUSPICIOUS_MOVE = YES;
				CLANG_WARN_UNGUARDED_AVAILABILITY = YES_AGGRESSIVE;
				CLANG_WARN_UNREACHABLE_CODE = YES;
				CLANG_WARN__DUPLICATE_METHOD_MATCH = YES;
				COPY_PHASE_STRIP = NO;
				DEBUG_INFORMATION_FORMAT = "dwarf-with-dsym";
				ENABLE_NS_ASSERTIONS = NO;
				ENABLE_STRICT_OBJC_MSGSEND = YES;
				GCC_C_LANGUAGE_STANDARD = gnu11;
				GCC_NO_COMMON_BLOCKS = YES;
				GCC_WARN_64_TO_32_BIT_CONVERSION = YES;
				GCC_WARN_ABOUT_RETURN_TYPE = YES_ERROR;
				GCC_WARN_UNDECLARED_SELECTOR = YES;
				GCC_WARN_UNINITIALIZED_AUTOS = YES_AGGRESSIVE;
				GCC_WARN_UNUSED_FUNCTION = YES;
				GCC_WARN_UNUSED_VARIABLE = YES;
				MACOSX_DEPLOYMENT_TARGET = 10.15;
				MTL_ENABLE_DEBUG_INFO = NO;
				MTL_FAST_MATH = YES;
				SDKROOT = macosx;
				SWIFT_COMPILATION_MODE = wholemodule;
				SWIFT_OPTIMIZATION_LEVEL = "-O";
			};
			name = Release;
		};
		5EB5ACA624DA3809007DD19B /* Debug */ = {
			isa = XCBuildConfiguration;
			buildSettings = {
				ASSETCATALOG_COMPILER_APPICON_NAME = AppIcon;
				CODE_SIGN_ENTITLEMENTS = StatusMenuSample/StatusMenuSample.entitlements;
				CODE_SIGN_STYLE = Automatic;
				COMBINE_HIDPI_IMAGES = YES;
				DEVELOPMENT_ASSET_PATHS = "\"StatusMenuSample/Preview Content\"";
				DEVELOPMENT_TEAM = 6PT2E3J732;
				ENABLE_HARDENED_RUNTIME = YES;
				ENABLE_PREVIEWS = YES;
				INFOPLIST_FILE = StatusMenuSample/Info.plist;
				LD_RUNPATH_SEARCH_PATHS = (
					"$(inherited)",
					"@executable_path/../Frameworks",
				);
				MACOSX_DEPLOYMENT_TARGET = 10.15;
				PRODUCT_BUNDLE_IDENTIFIER = etocom.StatusMenuSample;
				PRODUCT_NAME = "$(TARGET_NAME)";
				SWIFT_VERSION = 5.0;
			};
			name = Debug;
		};
		5EB5ACA724DA3809007DD19B /* Release */ = {
			isa = XCBuildConfiguration;
			buildSettings = {
				ASSETCATALOG_COMPILER_APPICON_NAME = AppIcon;
				CODE_SIGN_ENTITLEMENTS = StatusMenuSample/StatusMenuSample.entitlements;
				CODE_SIGN_STYLE = Automatic;
				COMBINE_HIDPI_IMAGES = YES;
				DEVELOPMENT_ASSET_PATHS = "\"StatusMenuSample/Preview Content\"";
				DEVELOPMENT_TEAM = 6PT2E3J732;
				ENABLE_HARDENED_RUNTIME = YES;
				ENABLE_PREVIEWS = YES;
				INFOPLIST_FILE = StatusMenuSample/Info.plist;
				LD_RUNPATH_SEARCH_PATHS = (
					"$(inherited)",
					"@executable_path/../Frameworks",
				);
				MACOSX_DEPLOYMENT_TARGET = 10.15;
				PRODUCT_BUNDLE_IDENTIFIER = etocom.StatusMenuSample;
				PRODUCT_NAME = "$(TARGET_NAME)";
				SWIFT_VERSION = 5.0;
			};
			name = Release;
		};
/* End XCBuildConfiguration section */

/* Begin XCConfigurationList section */
		5EB5AC8D24DA3808007DD19B /* Build configuration list for PBXProject "StatusMenuSample" */ = {
			isa = XCConfigurationList;
			buildConfigurations = (
				5EB5ACA324DA3809007DD19B /* Debug */,
				5EB5ACA424DA3809007DD19B /* Release */,
			);
			defaultConfigurationIsVisible = 0;
			defaultConfigurationName = Release;
		};
		5EB5ACA524DA3809007DD19B /* Build configuration list for PBXNativeTarget "StatusMenuSample" */ = {
			isa = XCConfigurationList;
			buildConfigurations = (
				5EB5ACA624DA3809007DD19B /* Debug */,
				5EB5ACA724DA3809007DD19B /* Release */,
			);
			defaultConfigurationIsVisible = 0;
			defaultConfigurationName = Release;
		};
/* End XCConfigurationList section */
	};
	rootObject = 5EB5AC8A24DA3808007DD19B /* Project object */;
}
